Microsoft Visual Studio Solution File, Format Version 12.00
# Visual Studio 16
VisualStudioVersion = 14.0.23107.0
MinimumVisualStudioVersion = 10.0.40219.1
Project("{FAE04EC0-301F-11D3-BF4B-00C04F79EFBC}") = "ClustererSample", "ClustererSample\ClustererSample.Net5.csproj", "{2EBB5734-600E-4B7C-878D-39532C864A36}"
EndProject
Global
	GlobalSection(SolutionConfigurationPlatforms) = preSolution
		Debug|Any CPU = Debug|Any CPU
		Release|Any CPU = Release|Any CPU
	EndGlobalSection
	GlobalSection(ProjectConfigurationPlatforms) = postSolution
		{2EBB5734-600E-4B7C-878D-39532C864A36}.Debug|Any CPU.ActiveCfg = Debug|Any CPU
		{2EBB5734-600E-4B7C-878D-39532C864A36}.Debug|Any CPU.Build.0 = Debug|Any CPU
		{2EBB5734-600E-4B7C-878D-39532C864A36}.Release|Any CPU.ActiveCfg = Release|Any CPU
		{2EBB5734-600E-4B7C-878D-39532C864A36}.Release|Any CPU.Build.0 = Release|Any CPU
	EndGlobalSection
	GlobalSection(SolutionProperties) = preSolution
		HideSolutionNode = FALSE
	EndGlobalSection
EndGlobal
